
Microsoft Visual Studio Solution File, Format Version 12.00
# Visual Studio Version 17
VisualStudioVersion = 17.6.33829.357
MinimumVisualStudioVersion = 10.0.40219.1
Project("{FAE04EC0-301F-11D3-BF4B-00C04F79EFBC}") = "BookShop", "BookShop\BookShop.csproj", "{99F816D6-E881-40FD-B6B5-87F36F4C8AD8}"
EndProject
Global
	GlobalSection(SolutionConfigurationPlatforms) = preSolution
		Debug|Any CPU = Debug|Any CPU
		Release|Any CPU = Release|Any CPU
	EndGlobalSection
	GlobalSection(ProjectConfigurationPlatforms) = postSolution
		{99F816D6-E881-40FD-B6B5-87F36F4C8AD8}.Debug|Any CPU.ActiveCfg = Debug|Any CPU
		{99F816D6-E881-40FD-B6B5-87F36F4C8AD8}.Debug|Any CPU.Build.0 = Debug|Any CPU
		{99F816D6-E881-40FD-B6B5-87F36F4C8AD8}.Release|Any CPU.ActiveCfg = Release|Any CPU
		{99F816D6-E881-40FD-B6B5-87F36F4C8AD8}.Release|Any CPU.Build.0 = Release|Any CPU
	EndGlobalSection
	GlobalSection(SolutionProperties) = preSolution
		HideSolutionNode = FALSE
	EndGlobalSection
	GlobalSection(ExtensibilityGlobals) = postSolution
		SolutionGuid = {5AF03A0E-D011-4EB3-ABC9-F1A35495E867}
	EndGlobalSection
EndGlobal
